// !$*UTF8*$!
{
	archiveVersion = 1;
	classes = {
	};
	objectVersion = 46;
	objects = {

/* Begin PBXBuildFile section */
		00E356F31AD99517003FC87E /* SakugaMobileTests.m in Sources */ = {isa = PBXBuildFile; fileRef = 00E356F21AD99517003FC87E /* SakugaMobileTests.m */; };
		13B07FBC1A68108700A75B9A /* AppDelegate.m in Sources */ = {isa = PBXBuildFile; fileRef = 13B07FB01A68108700A75B9A /* AppDelegate.m */; };
		13B07FBD1A68108700A75B9A /* LaunchScreen.xib in Resources */ = {isa = PBXBuildFile; fileRef = 13B07FB11A68108700A75B9A /* LaunchScreen.xib */; };
		13B07FBF1A68108700A75B9A /* Images.xcassets in Resources */ = {isa = PBXBuildFile; fileRef = 13B07FB51A68108700A75B9A /* Images.xcassets */; };
		13B07FC11A68108700A75B9A /* main.m in Sources */ = {isa = PBXBuildFile; fileRef = 13B07FB71A68108700A75B9A /* main.m */; };
		27337B2821E34C589431C405 /* OpenSans-Regular.ttf in Resources */ = {isa = PBXBuildFile; fileRef = 380C2A99DE154840A621CE11 /* OpenSans-Regular.ttf */; };
		2D02E4BC1E0B4A80006451C7 /* AppDelegate.m in Sources */ = {isa = PBXBuildFile; fileRef = 13B07FB01A68108700A75B9A /* AppDelegate.m */; };
		2D02E4BD1E0B4A84006451C7 /* Images.xcassets in Resources */ = {isa = PBXBuildFile; fileRef = 13B07FB51A68108700A75B9A /* Images.xcassets */; };
		2D02E4BF1E0B4AB3006451C7 /* main.m in Sources */ = {isa = PBXBuildFile; fileRef = 13B07FB71A68108700A75B9A /* main.m */; };
		2DCD954D1E0B4F2C00145EB5 /* SakugaMobileTests.m in Sources */ = {isa = PBXBuildFile; fileRef = 00E356F21AD99517003FC87E /* SakugaMobileTests.m */; };
		35DFAAFD656C41EEA1DD67C0 /* OpenSans-LightItalic.ttf in Resources */ = {isa = PBXBuildFile; fileRef = 52FD91AE32954758A0DCCECF /* OpenSans-LightItalic.ttf */; };
		3759225DA12745EB8EAC22A5 /* OpenSans-SemiBold.ttf in Resources */ = {isa = PBXBuildFile; fileRef = 3945313FB7794245BFE5CC62 /* OpenSans-SemiBold.ttf */; };
		5A30BD2734FE419F970B2251 /* OpenSans-Italic.ttf in Resources */ = {isa = PBXBuildFile; fileRef = 34311A7E16BC45768F99C087 /* OpenSans-Italic.ttf */; };
		6287DDAB348442E2BF8E8B2E /* OpenSans-Light.ttf in Resources */ = {isa = PBXBuildFile; fileRef = 337023C636524D2DA4EBB24F /* OpenSans-Light.ttf */; };
		6F2029AC4E6F4F309DA8179B /* OpenSans-ExtraBold.ttf in Resources */ = {isa = PBXBuildFile; fileRef = A9FD7ACED10245F7804F2E8C /* OpenSans-ExtraBold.ttf */; };
		7E40B7CF9912EC0706C8DEA2 /* libPods-SakugaMobile.a in Frameworks */ = {isa = PBXBuildFile; fileRef = 30D2A82AA47948CBEA515938 /* libPods-SakugaMobile.a */; };
		8710BCC32651B7050083186C /* VideoProcessingGPUFilters.swift in Sources */ = {isa = PBXBuildFile; fileRef = 8710BCC02651B7040083186C /* VideoProcessingGPUFilters.swift */; };
		8710BCC42651B7050083186C /* RNVideoPlayer.swift in Sources */ = {isa = PBXBuildFile; fileRef = 8710BCC12651B7040083186C /* RNVideoPlayer.swift */; };
		8710BCC52651B7050083186C /* RNVideoProcessingManager.swift in Sources */ = {isa = PBXBuildFile; fileRef = 8710BCC22651B7050083186C /* RNVideoProcessingManager.swift */; };
		8710BCD02651B7530083186C /* RNTrimmerView.swift in Sources */ = {isa = PBXBuildFile; fileRef = 8710BCCE2651B7530083186C /* RNTrimmerView.swift */; };
		8710BCD12651B7530083186C /* RNTrimmerViewManager.swift in Sources */ = {isa = PBXBuildFile; fileRef = 8710BCCF2651B7530083186C /* RNTrimmerViewManager.swift */; };
		8710BCDA2651B7910083186C /* RNVideoProcessingBridge.m in Sources */ = {isa = PBXBuildFile; fileRef = 8710BCD72651B7910083186C /* RNVideoProcessingBridge.m */; };
		8710BCE22651B7AA0083186C /* RNTrimmerViewBridge.m in Sources */ = {isa = PBXBuildFile; fileRef = 8710BCDF2651B7AA0083186C /* RNTrimmerViewBridge.m */; };
		8710BCEE2651B7B40083186C /* ICGVideoTrimmerView.m in Sources */ = {isa = PBXBuildFile; fileRef = 8710BCE82651B7B40083186C /* ICGVideoTrimmerView.m */; };
		8710BCEF2651B7B40083186C /* ICGRulerView.m in Sources */ = {isa = PBXBuildFile; fileRef = 8710BCE92651B7B40083186C /* ICGRulerView.m */; };
		8710BCF02651B7B40083186C /* ICGThumbView.m in Sources */ = {isa = PBXBuildFile; fileRef = 8710BCEB2651B7B40083186C /* ICGThumbView.m */; };
		8710BCFB2651B7C30083186C /* RNVideoTrimmerBridge.m in Sources */ = {isa = PBXBuildFile; fileRef = 8710BCF52651B7C30083186C /* RNVideoTrimmerBridge.m */; };
		8710BCFC2651B7C30083186C /* RNVideoTrimmer.swift in Sources */ = {isa = PBXBuildFile; fileRef = 8710BCF72651B7C30083186C /* RNVideoTrimmer.swift */; };
		8710BCFD2651B7C30083186C /* AVUtilities.swift in Sources */ = {isa = PBXBuildFile; fileRef = 8710BCF92651B7C30083186C /* AVUtilities.swift */; };
		8710BCFE2651B7C30083186C /* SDAVAssetExportSession.m in Sources */ = {isa = PBXBuildFile; fileRef = 8710BCFA2651B7C30083186C /* SDAVAssetExportSession.m */; };
		8710BD152651BA1E0083186C /* CoreMedia.framework in Frameworks */ = {isa = PBXBuildFile; fileRef = 8710BD142651BA1E0083186C /* CoreMedia.framework */; };
		8710BD172651BA260083186C /* CoreVideo.framework in Frameworks */ = {isa = PBXBuildFile; fileRef = 8710BD162651BA260083186C /* CoreVideo.framework */; };
		8710BD192651BA300083186C /* OpenGLES.framework in Frameworks */ = {isa = PBXBuildFile; fileRef = 8710BD182651BA300083186C /* OpenGLES.framework */; };
		8710BD1B2651BA3A0083186C /* AVFoundation.framework in Frameworks */ = {isa = PBXBuildFile; fileRef = 8710BD1A2651BA3A0083186C /* AVFoundation.framework */; };
		8710BD1D2651BA450083186C /* QuartzCore.framework in Frameworks */ = {isa = PBXBuildFile; fileRef = 8710BD1C2651BA450083186C /* QuartzCore.framework */; };
		8710BD1F2651BA4F0083186C /* MobileCoreServices.framework in Frameworks */ = {isa = PBXBuildFile; fileRef = 8710BD1E2651BA4F0083186C /* MobileCoreServices.framework */; };
		8710BD212651BAD20083186C /* GPUImage.framework in Frameworks */ = {isa = PBXBuildFile; fileRef = 8710BD0C2651B8290083186C /* GPUImage.framework */; };
		8710BD222651BAD20083186C /* GPUImage.framework in Embed Frameworks */ = {isa = PBXBuildFile; fileRef = 8710BD0C2651B8290083186C /* GPUImage.framework */; settings = {ATTRIBUTES = (CodeSignOnCopy, RemoveHeadersOnCopy, ); }; };
		87740158417746D6B80B342F /* OpenSans-SemiBoldItalic.ttf in Resources */ = {isa = PBXBuildFile; fileRef = C6893BC651B44D8490656479 /* OpenSans-SemiBoldItalic.ttf */; };
		87BA92002669C5C800D440E6 /* libRNSVG.a in Frameworks */ = {isa = PBXBuildFile; fileRef = 87BA91FF2669C5C800D440E6 /* libRNSVG.a */; };
		A66D7444DD2A4CB6A641572B /* OpenSans-ExtraBoldItalic.ttf in Resources */ = {isa = PBXBuildFile; fileRef = 565D4D7E077C479BAF688CFE /* OpenSans-ExtraBoldItalic.ttf */; };
		AAAF95545EFF46CBAED42D5B /* OpenSans-Bold.ttf in Resources */ = {isa = PBXBuildFile; fileRef = A6070C320B0E49DDB9F05C76 /* OpenSans-Bold.ttf */; };
		B4E3D42937F54797AFA91FA7 /* OpenSans-BoldItalic.ttf in Resources */ = {isa = PBXBuildFile; fileRef = 698FCF8ACF3B4521BA0E48C4 /* OpenSans-BoldItalic.ttf */; };
		C9C3EC87DC874473B334242F /* libPods-SakugaMobile-SakugaMobileTests.a in Frameworks */ = {isa = PBXBuildFile; fileRef = 140E6273EBB1E1B417AD594C /* libPods-SakugaMobile-SakugaMobileTests.a */; };
/* End PBXBuildFile section */

/* Begin PBXContainerItemProxy section */
		00E356F41AD99517003FC87E /* PBXContainerItemProxy */ = {
			isa = PBXContainerItemProxy;
			containerPortal = 83CBB9F71A601CBA00E9B192 /* Project object */;
			proxyType = 1;
			remoteGlobalIDString = 13B07F861A680F5B00A75B9A;
			remoteInfo = SakugaMobile;
		};
		2D02E4911E0B4A5D006451C7 /* PBXContainerItemProxy */ = {
			isa = PBXContainerItemProxy;
			containerPortal = 83CBB9F71A601CBA00E9B192 /* Project object */;
			proxyType = 1;
			remoteGlobalIDString = 2D02E47A1E0B4A5D006451C7;
			remoteInfo = "SakugaMobile-tvOS";
		};
		8710BD092651B8290083186C /* PBXContainerItemProxy */ = {
			isa = PBXContainerItemProxy;
			containerPortal = 8710BD032651B8290083186C /* GPUImage.xcodeproj */;
			proxyType = 2;
			remoteGlobalIDString = BCF1A33414DDB1EC00852800;
			remoteInfo = GPUImage;
		};
		8710BD0B2651B8290083186C /* PBXContainerItemProxy */ = {
			isa = PBXContainerItemProxy;
			containerPortal = 8710BD032651B8290083186C /* GPUImage.xcodeproj */;
			proxyType = 2;
			remoteGlobalIDString = BCE209E51943F20C002FEED8;
			remoteInfo = GPUImageFramework;
		};
		877D9539262A227F00C760F7 /* PBXContainerItemProxy */ = {
			isa = PBXContainerItemProxy;
			containerPortal = 877D9534262A227E00C760F7 /* RNSVG.xcodeproj */;
			proxyType = 2;
			remoteGlobalIDString = 0CF68AC11AF0540F00FF9E5C;
			remoteInfo = RNSVG;
		};
		877D953B262A227F00C760F7 /* PBXContainerItemProxy */ = {
			isa = PBXContainerItemProxy;
			containerPortal = 877D9534262A227E00C760F7 /* RNSVG.xcodeproj */;
			proxyType = 2;
			remoteGlobalIDString = 94DDAC5C1F3D024300EED511;
			remoteInfo = "RNSVG-tvOS";
		};
/* End PBXContainerItemProxy section */

/* Begin PBXCopyFilesBuildPhase section */
		8710BD232651BAD20083186C /* Embed Frameworks */ = {
			isa = PBXCopyFilesBuildPhase;
			buildActionMask = 2147483647;
			dstPath = "";
			dstSubfolderSpec = 10;
			files = (
				8710BD222651BAD20083186C /* GPUImage.framework in Embed Frameworks */,
			);
			name = "Embed Frameworks";
			runOnlyForDeploymentPostprocessing = 0;
		};
/* End PBXCopyFilesBuildPhase section */

/* Begin PBXFileReference section */
		008F07F21AC5B25A0029DE68 /* main.jsbundle */ = {isa = PBXFileReference; fileEncoding = 4; lastKnownFileType = text; path = main.jsbundle; sourceTree = "<group>"; };
		00E356EE1AD99517003FC87E /* SakugaMobileTests.xctest */ = {isa = PBXFileReference; explicitFileType = wrapper.cfbundle; includeInIndex = 0; path = SakugaMobileTests.xctest; sourceTree = BUILT_PRODUCTS_DIR; };
		00E356F11AD99517003FC87E /* Info.plist */ = {isa = PBXFileReference; lastKnownFileType = text.plist.xml; path = Info.plist; sourceTree = "<group>"; };
		00E356F21AD99517003FC87E /* SakugaMobileTests.m */ = {isa = PBXFileReference; lastKnownFileType = sourcecode.c.objc; path = SakugaMobileTests.m; sourceTree = "<group>"; };
		12F7270103206366F2585E4D /* Pods-SakugaMobile.release.xcconfig */ = {isa = PBXFileReference; includeInIndex = 1; lastKnownFileType = text.xcconfig; name = "Pods-SakugaMobile.release.xcconfig"; path = "Target Support Files/Pods-SakugaMobile/Pods-SakugaMobile.release.xcconfig"; sourceTree = "<group>"; };
		13B07F961A680F5B00A75B9A /* SakugaMobile.app */ = {isa = PBXFileReference; explicitFileType = wrapper.application; includeInIndex = 0; path = SakugaMobile.app; sourceTree = BUILT_PRODUCTS_DIR; };
		13B07FAF1A68108700A75B9A /* AppDelegate.h */ = {isa = PBXFileReference; fileEncoding = 4; lastKnownFileType = sourcecode.c.h; name = AppDelegate.h; path = SakugaMobile/AppDelegate.h; sourceTree = "<group>"; };
		13B07FB01A68108700A75B9A /* AppDelegate.m */ = {isa = PBXFileReference; fileEncoding = 4; lastKnownFileType = sourcecode.c.objc; name = AppDelegate.m; path = SakugaMobile/AppDelegate.m; sourceTree = "<group>"; };
		13B07FB21A68108700A75B9A /* Base */ = {isa = PBXFileReference; lastKnownFileType = file.xib; name = Base; path = Base.lproj/LaunchScreen.xib; sourceTree = "<group>"; };
		13B07FB51A68108700A75B9A /* Images.xcassets */ = {isa = PBXFileReference; lastKnownFileType = folder.assetcatalog; name = Images.xcassets; path = SakugaMobile/Images.xcassets; sourceTree = "<group>"; };
		13B07FB61A68108700A75B9A /* Info.plist */ = {isa = PBXFileReference; fileEncoding = 4; lastKnownFileType = text.plist.xml; name = Info.plist; path = SakugaMobile/Info.plist; sourceTree = "<group>"; };
		13B07FB71A68108700A75B9A /* main.m */ = {isa = PBXFileReference; fileEncoding = 4; lastKnownFileType = sourcecode.c.objc; name = main.m; path = SakugaMobile/main.m; sourceTree = "<group>"; };
		140E6273EBB1E1B417AD594C /* libPods-SakugaMobile-SakugaMobileTests.a */ = {isa = PBXFileReference; explicitFileType = archive.ar; includeInIndex = 0; path = "libPods-SakugaMobile-SakugaMobileTests.a"; sourceTree = BUILT_PRODUCTS_DIR; };
		2D02E47B1E0B4A5D006451C7 /* SakugaMobile-tvOS.app */ = {isa = PBXFileReference; explicitFileType = wrapper.application; includeInIndex = 0; path = "SakugaMobile-tvOS.app"; sourceTree = BUILT_PRODUCTS_DIR; };
		2D02E4901E0B4A5D006451C7 /* SakugaMobile-tvOSTests.xctest */ = {isa = PBXFileReference; explicitFileType = wrapper.cfbundle; includeInIndex = 0; path = "SakugaMobile-tvOSTests.xctest"; sourceTree = BUILT_PRODUCTS_DIR; };
		30D2A82AA47948CBEA515938 /* libPods-SakugaMobile.a */ = {isa = PBXFileReference; explicitFileType = archive.ar; includeInIndex = 0; path = "libPods-SakugaMobile.a"; sourceTree = BUILT_PRODUCTS_DIR; };
		337023C636524D2DA4EBB24F /* OpenSans-Light.ttf */ = {isa = PBXFileReference; explicitFileType = undefined; fileEncoding = 9; includeInIndex = 0; lastKnownFileType = unknown; name = "OpenSans-Light.ttf"; path = "../assets/fonts/OpenSans-Light.ttf"; sourceTree = "<group>"; };
		34311A7E16BC45768F99C087 /* OpenSans-Italic.ttf */ = {isa = PBXFileReference; explicitFileType = undefined; fileEncoding = 9; includeInIndex = 0; lastKnownFileType = unknown; name = "OpenSans-Italic.ttf"; path = "../assets/fonts/OpenSans-Italic.ttf"; sourceTree = "<group>"; };
		380C2A99DE154840A621CE11 /* OpenSans-Regular.ttf */ = {isa = PBXFileReference; explicitFileType = undefined; fileEncoding = 9; includeInIndex = 0; lastKnownFileType = unknown; name = "OpenSans-Regular.ttf"; path = "../assets/fonts/OpenSans-Regular.ttf"; sourceTree = "<group>"; };
		3945313FB7794245BFE5CC62 /* OpenSans-SemiBold.ttf */ = {isa = PBXFileReference; explicitFileType = undefined; fileEncoding = 9; includeInIndex = 0; lastKnownFileType = unknown; name = "OpenSans-SemiBold.ttf"; path = "../assets/fonts/OpenSans-SemiBold.ttf"; sourceTree = "<group>"; };
		497EBB07D77870A02B3E9B10 /* Pods-SakugaMobile-SakugaMobileTests.debug.xcconfig */ = {isa = PBXFileReference; includeInIndex = 1; lastKnownFileType = text.xcconfig; name = "Pods-SakugaMobile-SakugaMobileTests.debug.xcconfig"; path = "Target Support Files/Pods-SakugaMobile-SakugaMobileTests/Pods-SakugaMobile-SakugaMobileTests.debug.xcconfig"; sourceTree = "<group>"; };
		52FD91AE32954758A0DCCECF /* OpenSans-LightItalic.ttf */ = {isa = PBXFileReference; explicitFileType = undefined; fileEncoding = 9; includeInIndex = 0; lastKnownFileType = unknown; name = "OpenSans-LightItalic.ttf"; path = "../assets/fonts/OpenSans-LightItalic.ttf"; sourceTree = "<group>"; };
		565D4D7E077C479BAF688CFE /* OpenSans-ExtraBoldItalic.ttf */ = {isa = PBXFileReference; explicitFileType = undefined; fileEncoding = 9; includeInIndex = 0; lastKnownFileType = unknown; name = "OpenSans-ExtraBoldItalic.ttf"; path = "../assets/fonts/OpenSans-ExtraBoldItalic.ttf"; sourceTree = "<group>"; };
		698FCF8ACF3B4521BA0E48C4 /* OpenSans-BoldItalic.ttf */ = {isa = PBXFileReference; explicitFileType = undefined; fileEncoding = 9; includeInIndex = 0; lastKnownFileType = unknown; name = "OpenSans-BoldItalic.ttf"; path = "../assets/fonts/OpenSans-BoldItalic.ttf"; sourceTree = "<group>"; };
		8710BCBF2651B7030083186C /* SakugaMobile-Bridging-Header.h */ = {isa = PBXFileReference; lastKnownFileType = sourcecode.c.h; path = "SakugaMobile-Bridging-Header.h"; sourceTree = "<group>"; };
		8710BCC02651B7040083186C /* VideoProcessingGPUFilters.swift */ = {isa = PBXFileReference; fileEncoding = 4; lastKnownFileType = sourcecode.swift; name = VideoProcessingGPUFilters.swift; path = "../../node_modules/react-native-video-processing/ios/RNVideoProcessing/VideoProcessingGPUFilters.swift"; sourceTree = "<group>"; };
		8710BCC12651B7040083186C /* RNVideoPlayer.swift */ = {isa = PBXFileReference; fileEncoding = 4; lastKnownFileType = sourcecode.swift; name = RNVideoPlayer.swift; path = "../../node_modules/react-native-video-processing/ios/RNVideoProcessing/RNVideoPlayer.swift"; sourceTree = "<group>"; };
		8710BCC22651B7050083186C /* RNVideoProcessingManager.swift */ = {isa = PBXFileReference; fileEncoding = 4; lastKnownFileType = sourcecode.swift; name = RNVideoProcessingManager.swift; path = "../../node_modules/react-native-video-processing/ios/RNVideoProcessing/RNVideoProcessingManager.swift"; sourceTree = "<group>"; };
		8710BCCE2651B7530083186C /* RNTrimmerView.swift */ = {isa = PBXFileReference; fileEncoding = 4; lastKnownFileType = sourcecode.swift; name = RNTrimmerView.swift; path = "../../../node_modules/react-native-video-processing/ios/RNVideoProcessing/RNTrimmerView/RNTrimmerView.swift"; sourceTree = "<group>"; };
		8710BCCF2651B7530083186C /* RNTrimmerViewManager.swift */ = {isa = PBXFileReference; fileEncoding = 4; lastKnownFileType = sourcecode.swift; name = RNTrimmerViewManager.swift; path = "../../../node_modules/react-native-video-processing/ios/RNVideoProcessing/RNTrimmerView/RNTrimmerViewManager.swift"; sourceTree = "<group>"; };
		8710BCD62651B7910083186C /* RNVideoProcessing-Bridging-Header.h */ = {isa = PBXFileReference; fileEncoding = 4; lastKnownFileType = sourcecode.c.h; name = "RNVideoProcessing-Bridging-Header.h"; path = "../../node_modules/react-native-video-processing/ios/RNVideoProcessing/RNVideoProcessing-Bridging-Header.h"; sourceTree = "<group>"; };
		8710BCD72651B7910083186C /* RNVideoProcessingBridge.m */ = {isa = PBXFileReference; fileEncoding = 4; lastKnownFileType = sourcecode.c.objc; name = RNVideoProcessingBridge.m; path = "../../node_modules/react-native-video-processing/ios/RNVideoProcessing/RNVideoProcessingBridge.m"; sourceTree = "<group>"; };
		8710BCD82651B7910083186C /* RNVideoProcessing.h */ = {isa = PBXFileReference; fileEncoding = 4; lastKnownFileType = sourcecode.c.h; name = RNVideoProcessing.h; path = "../../node_modules/react-native-video-processing/ios/RNVideoProcessing/RNVideoProcessing.h"; sourceTree = "<group>"; };
		8710BCD92651B7910083186C /* RCTSwiftBridgeModule.h */ = {isa = PBXFileReference; fileEncoding = 4; lastKnownFileType = sourcecode.c.h; name = RCTSwiftBridgeModule.h; path = "../../node_modules/react-native-video-processing/ios/RNVideoProcessing/RCTSwiftBridgeModule.h"; sourceTree = "<group>"; };
		8710BCDF2651B7AA0083186C /* RNTrimmerViewBridge.m */ = {isa = PBXFileReference; fileEncoding = 4; lastKnownFileType = sourcecode.c.objc; name = RNTrimmerViewBridge.m; path = "../../../node_modules/react-native-video-processing/ios/RNVideoProcessing/RNTrimmerView/RNTrimmerViewBridge.m"; sourceTree = "<group>"; };
		8710BCE02651B7AA0083186C /* RNTrimmerView-Bridging-Header.h */ = {isa = PBXFileReference; fileEncoding = 4; lastKnownFileType = sourcecode.c.h; name = "RNTrimmerView-Bridging-Header.h"; path = "../../../node_modules/react-native-video-processing/ios/RNVideoProcessing/RNTrimmerView/RNTrimmerView-Bridging-Header.h"; sourceTree = "<group>"; };
		8710BCE12651B7AA0083186C /* RNTrimmerView.h */ = {isa = PBXFileReference; fileEncoding = 4; lastKnownFileType = sourcecode.c.h; name = RNTrimmerView.h; path = "../../../node_modules/react-native-video-processing/ios/RNVideoProcessing/RNTrimmerView/RNTrimmerView.h"; sourceTree = "<group>"; };
		8710BCE72651B7B40083186C /* ICGRulerView.h */ = {isa = PBXFileReference; fileEncoding = 4; lastKnownFileType = sourcecode.c.h; name = ICGRulerView.h; path = "../../../../node_modules/react-native-video-processing/ios/RNVideoProcessing/RNTrimmerView/ICGVideoTrimmer/ICGRulerView.h"; sourceTree = "<group>"; };
		8710BCE82651B7B40083186C /* ICGVideoTrimmerView.m */ = {isa = PBXFileReference; fileEncoding = 4; lastKnownFileType = sourcecode.c.objc; name = ICGVideoTrimmerView.m; path = "../../../../node_modules/react-native-video-processing/ios/RNVideoProcessing/RNTrimmerView/ICGVideoTrimmer/ICGVideoTrimmerView.m"; sourceTree = "<group>"; };
		8710BCE92651B7B40083186C /* ICGRulerView.m */ = {isa = PBXFileReference; fileEncoding = 4; lastKnownFileType = sourcecode.c.objc; name = ICGRulerView.m; path = "../../../../node_modules/react-native-video-processing/ios/RNVideoProcessing/RNTrimmerView/ICGVideoTrimmer/ICGRulerView.m"; sourceTree = "<group>"; };
		8710BCEA2651B7B40083186C /* ICGVideoTrimmerView.h */ = {isa = PBXFileReference; fileEncoding = 4; lastKnownFileType = sourcecode.c.h; name = ICGVideoTrimmerView.h; path = "../../../../node_modules/react-native-video-processing/ios/RNVideoProcessing/RNTrimmerView/ICGVideoTrimmer/ICGVideoTrimmerView.h"; sourceTree = "<group>"; };
		8710BCEB2651B7B40083186C /* ICGThumbView.m */ = {isa = PBXFileReference; fileEncoding = 4; lastKnownFileType = sourcecode.c.objc; name = ICGThumbView.m; path = "../../../../node_modules/react-native-video-processing/ios/RNVideoProcessing/RNTrimmerView/ICGVideoTrimmer/ICGThumbView.m"; sourceTree = "<group>"; };
		8710BCEC2651B7B40083186C /* ICGVideoTrimmer.h */ = {isa = PBXFileReference; fileEncoding = 4; lastKnownFileType = sourcecode.c.h; name = ICGVideoTrimmer.h; path = "../../../../node_modules/react-native-video-processing/ios/RNVideoProcessing/RNTrimmerView/ICGVideoTrimmer/ICGVideoTrimmer.h"; sourceTree = "<group>"; };
		8710BCED2651B7B40083186C /* ICGThumbView.h */ = {isa = PBXFileReference; fileEncoding = 4; lastKnownFileType = sourcecode.c.h; name = ICGThumbView.h; path = "../../../../node_modules/react-native-video-processing/ios/RNVideoProcessing/RNTrimmerView/ICGVideoTrimmer/ICGThumbView.h"; sourceTree = "<group>"; };
		8710BCF52651B7C30083186C /* RNVideoTrimmerBridge.m */ = {isa = PBXFileReference; fileEncoding = 4; lastKnownFileType = sourcecode.c.objc; name = RNVideoTrimmerBridge.m; path = "../../../node_modules/react-native-video-processing/ios/RNVideoProcessing/RNVideoTrimmer/RNVideoTrimmerBridge.m"; sourceTree = "<group>"; };
		8710BCF62651B7C30083186C /* RNVideoTrimmer-Bridging-Header.h */ = {isa = PBXFileReference; fileEncoding = 4; lastKnownFileType = sourcecode.c.h; name = "RNVideoTrimmer-Bridging-Header.h"; path = "../../../node_modules/react-native-video-processing/ios/RNVideoProcessing/RNVideoTrimmer/RNVideoTrimmer-Bridging-Header.h"; sourceTree = "<group>"; };
		8710BCF72651B7C30083186C /* RNVideoTrimmer.swift */ = {isa = PBXFileReference; fileEncoding = 4; lastKnownFileType = sourcecode.swift; name = RNVideoTrimmer.swift; path = "../../../node_modules/react-native-video-processing/ios/RNVideoProcessing/RNVideoTrimmer/RNVideoTrimmer.swift"; sourceTree = "<group>"; };
		8710BCF82651B7C30083186C /* SDAVAssetExportSession.h */ = {isa = PBXFileReference; fileEncoding = 4; lastKnownFileType = sourcecode.c.h; name = SDAVAssetExportSession.h; path = "../../../node_modules/react-native-video-processing/ios/RNVideoProcessing/RNVideoTrimmer/SDAVAssetExportSession.h"; sourceTree = "<group>"; };
		8710BCF92651B7C30083186C /* AVUtilities.swift */ = {isa = PBXFileReference; fileEncoding = 4; lastKnownFileType = sourcecode.swift; name = AVUtilities.swift; path = "../../../node_modules/react-native-video-processing/ios/RNVideoProcessing/RNVideoTrimmer/AVUtilities.swift"; sourceTree = "<group>"; };
		8710BCFA2651B7C30083186C /* SDAVAssetExportSession.m */ = {isa = PBXFileReference; fileEncoding = 4; lastKnownFileType = sourcecode.c.objc; name = SDAVAssetExportSession.m; path = "../../../node_modules/react-native-video-processing/ios/RNVideoProcessing/RNVideoTrimmer/SDAVAssetExportSession.m"; sourceTree = "<group>"; };
		8710BD032651B8290083186C /* GPUImage.xcodeproj */ = {isa = PBXFileReference; lastKnownFileType = "wrapper.pb-project"; name = GPUImage.xcodeproj; path = "../node_modules/react-native-video-processing/ios/GPUImage/framework/GPUImage.xcodeproj"; sourceTree = "<group>"; };
		8710BD142651BA1E0083186C /* CoreMedia.framework */ = {isa = PBXFileReference; lastKnownFileType = wrapper.framework; name = CoreMedia.framework; path = System/Library/Frameworks/CoreMedia.framework; sourceTree = SDKROOT; };
		8710BD162651BA260083186C /* CoreVideo.framework */ = {isa = PBXFileReference; lastKnownFileType = wrapper.framework; name = CoreVideo.framework; path = System/Library/Frameworks/CoreVideo.framework; sourceTree = SDKROOT; };
		8710BD182651BA300083186C /* OpenGLES.framework */ = {isa = PBXFileReference; lastKnownFileType = wrapper.framework; name = OpenGLES.framework; path = System/Library/Frameworks/OpenGLES.framework; sourceTree = SDKROOT; };
		8710BD1A2651BA3A0083186C /* AVFoundation.framework */ = {isa = PBXFileReference; lastKnownFileType = wrapper.framework; name = AVFoundation.framework; path = System/Library/Frameworks/AVFoundation.framework; sourceTree = SDKROOT; };
		8710BD1C2651BA450083186C /* QuartzCore.framework */ = {isa = PBXFileReference; lastKnownFileType = wrapper.framework; name = QuartzCore.framework; path = System/Library/Frameworks/QuartzCore.framework; sourceTree = SDKROOT; };
		8710BD1E2651BA4F0083186C /* MobileCoreServices.framework */ = {isa = PBXFileReference; lastKnownFileType = wrapper.framework; name = MobileCoreServices.framework; path = System/Library/Frameworks/MobileCoreServices.framework; sourceTree = SDKROOT; };
		877D9534262A227E00C760F7 /* RNSVG.xcodeproj */ = {isa = PBXFileReference; lastKnownFileType = "wrapper.pb-project"; name = RNSVG.xcodeproj; path = "../node_modules/react-native-svg/apple/RNSVG.xcodeproj"; sourceTree = "<group>"; };
		87B476F8262A1D4600A23472 /* RNSVG.framework */ = {isa = PBXFileReference; explicitFileType = wrapper.framework; path = RNSVG.framework; sourceTree = BUILT_PRODUCTS_DIR; };
		87BA91FF2669C5C800D440E6 /* libRNSVG.a */ = {isa = PBXFileReference; explicitFileType = archive.ar; path = libRNSVG.a; sourceTree = BUILT_PRODUCTS_DIR; };
		87FFF69B262A251400D9FB78 /* libRNSVG.a */ = {isa = PBXFileReference; explicitFileType = archive.ar; path = libRNSVG.a; sourceTree = BUILT_PRODUCTS_DIR; };
		A6070C320B0E49DDB9F05C76 /* OpenSans-Bold.ttf */ = {isa = PBXFileReference; explicitFileType = undefined; fileEncoding = 9; includeInIndex = 0; lastKnownFileType = unknown; name = "OpenSans-Bold.ttf"; path = "../assets/fonts/OpenSans-Bold.ttf"; sourceTree = "<group>"; };
		A9FD7ACED10245F7804F2E8C /* OpenSans-ExtraBold.ttf */ = {isa = PBXFileReference; explicitFileType = undefined; fileEncoding = 9; includeInIndex = 0; lastKnownFileType = unknown; name = "OpenSans-ExtraBold.ttf"; path = "../assets/fonts/OpenSans-ExtraBold.ttf"; sourceTree = "<group>"; };
		C6893BC651B44D8490656479 /* OpenSans-SemiBoldItalic.ttf */ = {isa = PBXFileReference; explicitFileType = undefined; fileEncoding = 9; includeInIndex = 0; lastKnownFileType = unknown; name = "OpenSans-SemiBoldItalic.ttf"; path = "../assets/fonts/OpenSans-SemiBoldItalic.ttf"; sourceTree = "<group>"; };
		E37EE334FD763447B52F9712 /* Pods-SakugaMobile.debug.xcconfig */ = {isa = PBXFileReference; includeInIndex = 1; lastKnownFileType = text.xcconfig; name = "Pods-SakugaMobile.debug.xcconfig"; path = "Target Support Files/Pods-SakugaMobile/Pods-SakugaMobile.debug.xcconfig"; sourceTree = "<group>"; };
		ED297162215061F000B7C4FE /* JavaScriptCore.framework */ = {isa = PBXFileReference; lastKnownFileType = wrapper.framework; name = JavaScriptCore.framework; path = System/Library/Frameworks/JavaScriptCore.framework; sourceTree = SDKROOT; };
		ED2971642150620600B7C4FE /* JavaScriptCore.framework */ = {isa = PBXFileReference; lastKnownFileType = wrapper.framework; name = JavaScriptCore.framework; path = Platforms/AppleTVOS.platform/Developer/SDKs/AppleTVOS12.0.sdk/System/Library/Frameworks/JavaScriptCore.framework; sourceTree = DEVELOPER_DIR; };
		FD215D331DFC4335C8D42894 /* Pods-SakugaMobile-SakugaMobileTests.release.xcconfig */ = {isa = PBXFileReference; includeInIndex = 1; lastKnownFileType = text.xcconfig; name = "Pods-SakugaMobile-SakugaMobileTests.release.xcconfig"; path = "Target Support Files/Pods-SakugaMobile-SakugaMobileTests/Pods-SakugaMobile-SakugaMobileTests.release.xcconfig"; sourceTree = "<group>"; };
/* End PBXFileReference section */

/* Begin PBXFrameworksBuildPhase section */
		00E356EB1AD99517003FC87E /* Frameworks */ = {
			isa = PBXFrameworksBuildPhase;
			buildActionMask = 2147483647;
			files = (
				C9C3EC87DC874473B334242F /* libPods-SakugaMobile-SakugaMobileTests.a in Frameworks */,
			);
			runOnlyForDeploymentPostprocessing = 0;
		};
		13B07F8C1A680F5B00A75B9A /* Frameworks */ = {
			isa = PBXFrameworksBuildPhase;
			buildActionMask = 2147483647;
			files = (
				87BA92002669C5C800D440E6 /* libRNSVG.a in Frameworks */,
				8710BD1F2651BA4F0083186C /* MobileCoreServices.framework in Frameworks */,
				8710BD1D2651BA450083186C /* QuartzCore.framework in Frameworks */,
				8710BD1B2651BA3A0083186C /* AVFoundation.framework in Frameworks */,
				8710BD192651BA300083186C /* OpenGLES.framework in Frameworks */,
				8710BD172651BA260083186C /* CoreVideo.framework in Frameworks */,
				8710BD212651BAD20083186C /* GPUImage.framework in Frameworks */,
				8710BD152651BA1E0083186C /* CoreMedia.framework in Frameworks */,
				7E40B7CF9912EC0706C8DEA2 /* libPods-SakugaMobile.a in Frameworks */,
			);
			runOnlyForDeploymentPostprocessing = 0;
		};
		2D02E4781E0B4A5D006451C7 /* Frameworks */ = {
			isa = PBXFrameworksBuildPhase;
			buildActionMask = 2147483647;
			files = (
			);
			runOnlyForDeploymentPostprocessing = 0;
		};
		2D02E48D1E0B4A5D006451C7 /* Frameworks */ = {
			isa = PBXFrameworksBuildPhase;
			buildActionMask = 2147483647;
			files = (
			);
			runOnlyForDeploymentPostprocessing = 0;
		};
/* End PBXFrameworksBuildPhase section */

/* Begin PBXGroup section */
		00E356EF1AD99517003FC87E /* SakugaMobileTests */ = {
			isa = PBXGroup;
			children = (
				00E356F21AD99517003FC87E /* SakugaMobileTests.m */,
				00E356F01AD99517003FC87E /* Supporting Files */,
			);
			path = SakugaMobileTests;
			sourceTree = "<group>";
		};
		00E356F01AD99517003FC87E /* Supporting Files */ = {
			isa = PBXGroup;
			children = (
				00E356F11AD99517003FC87E /* Info.plist */,
			);
			name = "Supporting Files";
			sourceTree = "<group>";
		};
		13B07FAE1A68108700A75B9A /* SakugaMobile */ = {
			isa = PBXGroup;
			children = (
				008F07F21AC5B25A0029DE68 /* main.jsbundle */,
				13B07FAF1A68108700A75B9A /* AppDelegate.h */,
				13B07FB01A68108700A75B9A /* AppDelegate.m */,
				13B07FB51A68108700A75B9A /* Images.xcassets */,
				13B07FB61A68108700A75B9A /* Info.plist */,
				13B07FB11A68108700A75B9A /* LaunchScreen.xib */,
				13B07FB71A68108700A75B9A /* main.m */,
			);
			name = SakugaMobile;
			sourceTree = "<group>";
		};
		2D16E6871FA4F8E400B85C8A /* Frameworks */ = {
			isa = PBXGroup;
			children = (
				87BA91FF2669C5C800D440E6 /* libRNSVG.a */,
				8710BD1E2651BA4F0083186C /* MobileCoreServices.framework */,
				8710BD1C2651BA450083186C /* QuartzCore.framework */,
				8710BD1A2651BA3A0083186C /* AVFoundation.framework */,
				8710BD182651BA300083186C /* OpenGLES.framework */,
				8710BD162651BA260083186C /* CoreVideo.framework */,
				8710BD142651BA1E0083186C /* CoreMedia.framework */,
				87FFF69B262A251400D9FB78 /* libRNSVG.a */,
				87B476F8262A1D4600A23472 /* RNSVG.framework */,
				ED297162215061F000B7C4FE /* JavaScriptCore.framework */,
				ED2971642150620600B7C4FE /* JavaScriptCore.framework */,
				30D2A82AA47948CBEA515938 /* libPods-SakugaMobile.a */,
				140E6273EBB1E1B417AD594C /* libPods-SakugaMobile-SakugaMobileTests.a */,
			);
			name = Frameworks;
			sourceTree = "<group>";
		};
		32C8980C11B0B455E2C2516A /* Pods */ = {
			isa = PBXGroup;
			children = (
				E37EE334FD763447B52F9712 /* Pods-SakugaMobile.debug.xcconfig */,
				12F7270103206366F2585E4D /* Pods-SakugaMobile.release.xcconfig */,
				497EBB07D77870A02B3E9B10 /* Pods-SakugaMobile-SakugaMobileTests.debug.xcconfig */,
				FD215D331DFC4335C8D42894 /* Pods-SakugaMobile-SakugaMobileTests.release.xcconfig */,
			);
			path = Pods;
			sourceTree = "<group>";
		};
		832341AE1AAA6A7D00B99B32 /* Libraries */ = {
			isa = PBXGroup;
			children = (
				877D9534262A227E00C760F7 /* RNSVG.xcodeproj */,
			);
			name = Libraries;
			sourceTree = "<group>";
		};
		83CBB9F61A601CBA00E9B192 = {
			isa = PBXGroup;
			children = (
				8710BD032651B8290083186C /* GPUImage.xcodeproj */,
				8710BCB92651B5E00083186C /* RNVideoProcessing */,
				13B07FAE1A68108700A75B9A /* SakugaMobile */,
				832341AE1AAA6A7D00B99B32 /* Libraries */,
				00E356EF1AD99517003FC87E /* SakugaMobileTests */,
				83CBBA001A601CBA00E9B192 /* Products */,
				2D16E6871FA4F8E400B85C8A /* Frameworks */,
				32C8980C11B0B455E2C2516A /* Pods */,
				F3F2C8715B1F403284ACDC37 /* Resources */,
			);
			indentWidth = 2;
			sourceTree = "<group>";
			tabWidth = 2;
			usesTabs = 0;
		};
		83CBBA001A601CBA00E9B192 /* Products */ = {
			isa = PBXGroup;
			children = (
				13B07F961A680F5B00A75B9A /* SakugaMobile.app */,
				00E356EE1AD99517003FC87E /* SakugaMobileTests.xctest */,
				2D02E47B1E0B4A5D006451C7 /* SakugaMobile-tvOS.app */,
				2D02E4901E0B4A5D006451C7 /* SakugaMobile-tvOSTests.xctest */,
			);
			name = Products;
			sourceTree = "<group>";
		};
		8710BCB92651B5E00083186C /* RNVideoProcessing */ = {
			isa = PBXGroup;
			children = (
				8710BCD92651B7910083186C /* RCTSwiftBridgeModule.h */,
				8710BCD62651B7910083186C /* RNVideoProcessing-Bridging-Header.h */,
				8710BCD82651B7910083186C /* RNVideoProcessing.h */,
				8710BCD72651B7910083186C /* RNVideoProcessingBridge.m */,
				8710BCC12651B7040083186C /* RNVideoPlayer.swift */,
				8710BCC22651B7050083186C /* RNVideoProcessingManager.swift */,
				8710BCC02651B7040083186C /* VideoProcessingGPUFilters.swift */,
				8710BCBD2651B6780083186C /* RNVideoTrimmer */,
				8710BCBC2651B6670083186C /* RNTrimmerView */,
				8710BCBF2651B7030083186C /* SakugaMobile-Bridging-Header.h */,
			);
			path = RNVideoProcessing;
			sourceTree = "<group>";
		};
		8710BCBC2651B6670083186C /* RNTrimmerView */ = {
			isa = PBXGroup;
			children = (
				8710BCE02651B7AA0083186C /* RNTrimmerView-Bridging-Header.h */,
				8710BCE12651B7AA0083186C /* RNTrimmerView.h */,
				8710BCDF2651B7AA0083186C /* RNTrimmerViewBridge.m */,
				8710BCCE2651B7530083186C /* RNTrimmerView.swift */,
				8710BCCF2651B7530083186C /* RNTrimmerViewManager.swift */,
				8710BCBE2651B6A10083186C /* ICGVideoTrimmer */,
			);
			path = RNTrimmerView;
			sourceTree = "<group>";
		};
		8710BCBD2651B6780083186C /* RNVideoTrimmer */ = {
			isa = PBXGroup;
			children = (
				8710BCF92651B7C30083186C /* AVUtilities.swift */,
				8710BCF62651B7C30083186C /* RNVideoTrimmer-Bridging-Header.h */,
				8710BCF72651B7C30083186C /* RNVideoTrimmer.swift */,
				8710BCF52651B7C30083186C /* RNVideoTrimmerBridge.m */,
				8710BCF82651B7C30083186C /* SDAVAssetExportSession.h */,
				8710BCFA2651B7C30083186C /* SDAVAssetExportSession.m */,
			);
			path = RNVideoTrimmer;
			sourceTree = "<group>";
		};
		8710BCBE2651B6A10083186C /* ICGVideoTrimmer */ = {
			isa = PBXGroup;
			children = (
				8710BCE72651B7B40083186C /* ICGRulerView.h */,
				8710BCE92651B7B40083186C /* ICGRulerView.m */,
				8710BCED2651B7B40083186C /* ICGThumbView.h */,
				8710BCEB2651B7B40083186C /* ICGThumbView.m */,
				8710BCEC2651B7B40083186C /* ICGVideoTrimmer.h */,
				8710BCEA2651B7B40083186C /* ICGVideoTrimmerView.h */,
				8710BCE82651B7B40083186C /* ICGVideoTrimmerView.m */,
			);
			path = ICGVideoTrimmer;
			sourceTree = "<group>";
		};
		8710BD042651B8290083186C /* Products */ = {
			isa = PBXGroup;
			children = (
				8710BD0A2651B8290083186C /* libGPUImage.a */,
				8710BD0C2651B8290083186C /* GPUImage.framework */,
			);
			name = Products;
			sourceTree = "<group>";
		};
		877D9535262A227E00C760F7 /* Products */ = {
			isa = PBXGroup;
			children = (
				877D953A262A227F00C760F7 /* libRNSVG.a */,
				877D953C262A227F00C760F7 /* libRNSVG-tvOS.a */,
			);
			name = Products;
			sourceTree = "<group>";
		};
		F3F2C8715B1F403284ACDC37 /* Resources */ = {
			isa = PBXGroup;
			children = (
				A6070C320B0E49DDB9F05C76 /* OpenSans-Bold.ttf */,
				698FCF8ACF3B4521BA0E48C4 /* OpenSans-BoldItalic.ttf */,
				A9FD7ACED10245F7804F2E8C /* OpenSans-ExtraBold.ttf */,
				565D4D7E077C479BAF688CFE /* OpenSans-ExtraBoldItalic.ttf */,
				34311A7E16BC45768F99C087 /* OpenSans-Italic.ttf */,
				337023C636524D2DA4EBB24F /* OpenSans-Light.ttf */,
				52FD91AE32954758A0DCCECF /* OpenSans-LightItalic.ttf */,
				380C2A99DE154840A621CE11 /* OpenSans-Regular.ttf */,
				3945313FB7794245BFE5CC62 /* OpenSans-SemiBold.ttf */,
				C6893BC651B44D8490656479 /* OpenSans-SemiBoldItalic.ttf */,
			);
			name = Resources;
			sourceTree = "<group>";
		};
/* End PBXGroup section */

/* Begin PBXNativeTarget section */
		00E356ED1AD99517003FC87E /* SakugaMobileTests */ = {
			isa = PBXNativeTarget;
			buildConfigurationList = 00E357021AD99517003FC87E /* Build configuration list for PBXNativeTarget "SakugaMobileTests" */;
			buildPhases = (
				1C5FC0D1E9199C7F78492109 /* [CP] Check Pods Manifest.lock */,
				00E356EA1AD99517003FC87E /* Sources */,
				00E356EB1AD99517003FC87E /* Frameworks */,
				00E356EC1AD99517003FC87E /* Resources */,
				84084521AA82CEC1BE9EFB6B /* [CP] Embed Pods Frameworks */,
				B25BC1D881C956B034806BF4 /* [CP] Copy Pods Resources */,
			);
			buildRules = (
			);
			dependencies = (
				00E356F51AD99517003FC87E /* PBXTargetDependency */,
			);
			name = SakugaMobileTests;
			productName = SakugaMobileTests;
			productReference = 00E356EE1AD99517003FC87E /* SakugaMobileTests.xctest */;
			productType = "com.apple.product-type.bundle.unit-test";
		};
		13B07F861A680F5B00A75B9A /* SakugaMobile */ = {
			isa = PBXNativeTarget;
			buildConfigurationList = 13B07F931A680F5B00A75B9A /* Build configuration list for PBXNativeTarget "SakugaMobile" */;
			buildPhases = (
				1EE11E09AE4459298BDF27A0 /* [CP] Check Pods Manifest.lock */,
				FD10A7F022414F080027D42C /* Start Packager */,
				13B07F871A680F5B00A75B9A /* Sources */,
				13B07F8C1A680F5B00A75B9A /* Frameworks */,
				13B07F8E1A680F5B00A75B9A /* Resources */,
				00DD1BFF1BD5951E006B06BC /* Bundle React Native code and images */,
				8710BD232651BAD20083186C /* Embed Frameworks */,
				700D124FBB4475E3BB124750 /* [CP] Embed Pods Frameworks */,
				014EFC9A3D8E2A9ADCC723DE /* [CP] Copy Pods Resources */,
			);
			buildRules = (
			);
			dependencies = (
			);
			name = SakugaMobile;
			productName = SakugaMobile;
			productReference = 13B07F961A680F5B00A75B9A /* SakugaMobile.app */;
			productType = "com.apple.product-type.application";
		};
		2D02E47A1E0B4A5D006451C7 /* SakugaMobile-tvOS */ = {
			isa = PBXNativeTarget;
			buildConfigurationList = 2D02E4BA1E0B4A5E006451C7 /* Build configuration list for PBXNativeTarget "SakugaMobile-tvOS" */;
			buildPhases = (
				FD10A7F122414F3F0027D42C /* Start Packager */,
				2D02E4771E0B4A5D006451C7 /* Sources */,
				2D02E4781E0B4A5D006451C7 /* Frameworks */,
				2D02E4791E0B4A5D006451C7 /* Resources */,
				2D02E4CB1E0B4B27006451C7 /* Bundle React Native Code And Images */,
			);
			buildRules = (
			);
			dependencies = (
			);
			name = "SakugaMobile-tvOS";
			productName = "SakugaMobile-tvOS";
			productReference = 2D02E47B1E0B4A5D006451C7 /* SakugaMobile-tvOS.app */;
			productType = "com.apple.product-type.application";
		};
		2D02E48F1E0B4A5D006451C7 /* SakugaMobile-tvOSTests */ = {
			isa = PBXNativeTarget;
			buildConfigurationList = 2D02E4BB1E0B4A5E006451C7 /* Build configuration list for PBXNativeTarget "SakugaMobile-tvOSTests" */;
			buildPhases = (
				2D02E48C1E0B4A5D006451C7 /* Sources */,
				2D02E48D1E0B4A5D006451C7 /* Frameworks */,
				2D02E48E1E0B4A5D006451C7 /* Resources */,
			);
			buildRules = (
			);
			dependencies = (
				2D02E4921E0B4A5D006451C7 /* PBXTargetDependency */,
			);
			name = "SakugaMobile-tvOSTests";
			productName = "SakugaMobile-tvOSTests";
			productReference = 2D02E4901E0B4A5D006451C7 /* SakugaMobile-tvOSTests.xctest */;
			productType = "com.apple.product-type.bundle.unit-test";
		};
/* End PBXNativeTarget section */

/* Begin PBXProject section */
		83CBB9F71A601CBA00E9B192 /* Project object */ = {
			isa = PBXProject;
			attributes = {
				LastUpgradeCheck = 1130;
				TargetAttributes = {
					00E356ED1AD99517003FC87E = {
						CreatedOnToolsVersion = 6.2;
						TestTargetID = 13B07F861A680F5B00A75B9A;
					};
					13B07F861A680F5B00A75B9A = {
						DevelopmentTeam = 4FURRD6GXL;
						LastSwiftMigration = 1240;
					};
					2D02E47A1E0B4A5D006451C7 = {
						CreatedOnToolsVersion = 8.2.1;
						ProvisioningStyle = Automatic;
					};
					2D02E48F1E0B4A5D006451C7 = {
						CreatedOnToolsVersion = 8.2.1;
						ProvisioningStyle = Automatic;
						TestTargetID = 2D02E47A1E0B4A5D006451C7;
					};
				};
			};
			buildConfigurationList = 83CBB9FA1A601CBA00E9B192 /* Build configuration list for PBXProject "SakugaMobile" */;
			compatibilityVersion = "Xcode 3.2";
			developmentRegion = en;
			hasScannedForEncodings = 0;
			knownRegions = (
				en,
				Base,
			);
			mainGroup = 83CBB9F61A601CBA00E9B192;
			productRefGroup = 83CBBA001A601CBA00E9B192 /* Products */;
			projectDirPath = "";
			projectReferences = (
				{
					ProductGroup = 8710BD042651B8290083186C /* Products */;
					ProjectRef = 8710BD032651B8290083186C /* GPUImage.xcodeproj */;
				},
				{
					ProductGroup = 877D9535262A227E00C760F7 /* Products */;
					ProjectRef = 877D9534262A227E00C760F7 /* RNSVG.xcodeproj */;
				},
			);
			projectRoot = "";
			targets = (
				13B07F861A680F5B00A75B9A /* SakugaMobile */,
				00E356ED1AD99517003FC87E /* SakugaMobileTests */,
				2D02E47A1E0B4A5D006451C7 /* SakugaMobile-tvOS */,
				2D02E48F1E0B4A5D006451C7 /* SakugaMobile-tvOSTests */,
			);
		};
/* End PBXProject section */

/* Begin PBXReferenceProxy section */
		8710BD0A2651B8290083186C /* libGPUImage.a */ = {
			isa = PBXReferenceProxy;
			fileType = archive.ar;
			path = libGPUImage.a;
			remoteRef = 8710BD092651B8290083186C /* PBXContainerItemProxy */;
			sourceTree = BUILT_PRODUCTS_DIR;
		};
		8710BD0C2651B8290083186C /* GPUImage.framework */ = {
			isa = PBXReferenceProxy;
			fileType = wrapper.framework;
			path = GPUImage.framework;
			remoteRef = 8710BD0B2651B8290083186C /* PBXContainerItemProxy */;
			sourceTree = BUILT_PRODUCTS_DIR;
		};
		877D953A262A227F00C760F7 /* libRNSVG.a */ = {
			isa = PBXReferenceProxy;
			fileType = archive.ar;
			path = libRNSVG.a;
			remoteRef = 877D9539262A227F00C760F7 /* PBXContainerItemProxy */;
			sourceTree = BUILT_PRODUCTS_DIR;
		};
		877D953C262A227F00C760F7 /* libRNSVG-tvOS.a */ = {
			isa = PBXReferenceProxy;
			fileType = archive.ar;
			path = "libRNSVG-tvOS.a";
			remoteRef = 877D953B262A227F00C760F7 /* PBXContainerItemProxy */;
			sourceTree = BUILT_PRODUCTS_DIR;
		};
/* End PBXReferenceProxy section */

/* Begin PBXResourcesBuildPhase section */
		00E356EC1AD99517003FC87E /* Resources */ = {
			isa = PBXResourcesBuildPhase;
			buildActionMask = 2147483647;
			files = (
			);
			runOnlyForDeploymentPostprocessing = 0;
		};
		13B07F8E1A680F5B00A75B9A /* Resources */ = {
			isa = PBXResourcesBuildPhase;
			buildActionMask = 2147483647;
			files = (
				13B07FBF1A68108700A75B9A /* Images.xcassets in Resources */,
				13B07FBD1A68108700A75B9A /* LaunchScreen.xib in Resources */,
				AAAF95545EFF46CBAED42D5B /* OpenSans-Bold.ttf in Resources */,
				B4E3D42937F54797AFA91FA7 /* OpenSans-BoldItalic.ttf in Resources */,
				6F2029AC4E6F4F309DA8179B /* OpenSans-ExtraBold.ttf in Resources */,
				A66D7444DD2A4CB6A641572B /* OpenSans-ExtraBoldItalic.ttf in Resources */,
				5A30BD2734FE419F970B2251 /* OpenSans-Italic.ttf in Resources */,
				6287DDAB348442E2BF8E8B2E /* OpenSans-Light.ttf in Resources */,
				35DFAAFD656C41EEA1DD67C0 /* OpenSans-LightItalic.ttf in Resources */,
				27337B2821E34C589431C405 /* OpenSans-Regular.ttf in Resources */,
				3759225DA12745EB8EAC22A5 /* OpenSans-SemiBold.ttf in Resources */,
				87740158417746D6B80B342F /* OpenSans-SemiBoldItalic.ttf in Resources */,
			);
			runOnlyForDeploymentPostprocessing = 0;
		};
		2D02E4791E0B4A5D006451C7 /* Resources */ = {
			isa = PBXResourcesBuildPhase;
			buildActionMask = 2147483647;
			files = (
				2D02E4BD1E0B4A84006451C7 /* Images.xcassets in Resources */,
			);
			runOnlyForDeploymentPostprocessing = 0;
		};
		2D02E48E1E0B4A5D006451C7 /* Resources */ = {
			isa = PBXResourcesBuildPhase;
			buildActionMask = 2147483647;
			files = (
			);
			runOnlyForDeploymentPostprocessing = 0;
		};
/* End PBXResourcesBuildPhase section */

/* Begin PBXShellScriptBuildPhase section */
		00DD1BFF1BD5951E006B06BC /* Bundle React Native code and images */ = {
			isa = PBXShellScriptBuildPhase;
			buildActionMask = 2147483647;
			files = (
			);
			inputPaths = (
			);
			name = "Bundle React Native code and images";
			outputPaths = (
			);
			runOnlyForDeploymentPostprocessing = 0;
			shellPath = /bin/sh;
			shellScript = "export NODE_BINARY=node\n../node_modules/react-native/scripts/react-native-xcode.sh";
		};
		014EFC9A3D8E2A9ADCC723DE /* [CP] Copy Pods Resources */ = {
			isa = PBXShellScriptBuildPhase;
			buildActionMask = 2147483647;
			files = (
			);
			inputPaths = (
				"${PODS_ROOT}/Target Support Files/Pods-SakugaMobile/Pods-SakugaMobile-resources.sh",
				"${PODS_CONFIGURATION_BUILD_DIR}/React-Core/AccessibilityResources.bundle",
			);
			name = "[CP] Copy Pods Resources";
			outputPaths = (
				"${TARGET_BUILD_DIR}/${UNLOCALIZED_RESOURCES_FOLDER_PATH}/AccessibilityResources.bundle",
			);
			runOnlyForDeploymentPostprocessing = 0;
			shellPath = /bin/sh;
			shellScript = "\"${PODS_ROOT}/Target Support Files/Pods-SakugaMobile/Pods-SakugaMobile-resources.sh\"\n";
			showEnvVarsInLog = 0;
		};
		1C5FC0D1E9199C7F78492109 /* [CP] Check Pods Manifest.lock */ = {
			isa = PBXShellScriptBuildPhase;
			buildActionMask = 2147483647;
			files = (
			);
			inputFileListPaths = (
			);
			inputPaths = (
				"${PODS_PODFILE_DIR_PATH}/Podfile.lock",
				"${PODS_ROOT}/Manifest.lock",
			);
			name = "[CP] Check Pods Manifest.lock";
			outputFileListPaths = (
			);
			outputPaths = (
				"$(DERIVED_FILE_DIR)/Pods-SakugaMobile-SakugaMobileTests-checkManifestLockResult.txt",
			);
			runOnlyForDeploymentPostprocessing = 0;
			shellPath = /bin/sh;
			shellScript = "diff \"${PODS_PODFILE_DIR_PATH}/Podfile.lock\" \"${PODS_ROOT}/Manifest.lock\" > /dev/null\nif [ $? != 0 ] ; then\n    # print error to STDERR\n    echo \"error: The sandbox is not in sync with the Podfile.lock. Run 'pod install' or update your CocoaPods installation.\" >&2\n    exit 1\nfi\n# This output is used by Xcode 'outputs' to avoid re-running this script phase.\necho \"SUCCESS\" > \"${SCRIPT_OUTPUT_FILE_0}\"\n";
			showEnvVarsInLog = 0;
		};
		1EE11E09AE4459298BDF27A0 /* [CP] Check Pods Manifest.lock */ = {
			isa = PBXShellScriptBuildPhase;
			buildActionMask = 2147483647;
			files = (
			);
			inputFileListPaths = (
			);
			inputPaths = (
				"${PODS_PODFILE_DIR_PATH}/Podfile.lock",
				"${PODS_ROOT}/Manifest.lock",
			);
			name = "[CP] Check Pods Manifest.lock";
			outputFileListPaths = (
			);
			outputPaths = (
				"$(DERIVED_FILE_DIR)/Pods-SakugaMobile-checkManifestLockResult.txt",
			);
			runOnlyForDeploymentPostprocessing = 0;
			shellPath = /bin/sh;
			shellScript = "diff \"${PODS_PODFILE_DIR_PATH}/Podfile.lock\" \"${PODS_ROOT}/Manifest.lock\" > /dev/null\nif [ $? != 0 ] ; then\n    # print error to STDERR\n    echo \"error: The sandbox is not in sync with the Podfile.lock. Run 'pod install' or update your CocoaPods installation.\" >&2\n    exit 1\nfi\n# This output is used by Xcode 'outputs' to avoid re-running this script phase.\necho \"SUCCESS\" > \"${SCRIPT_OUTPUT_FILE_0}\"\n";
			showEnvVarsInLog = 0;
		};
		2D02E4CB1E0B4B27006451C7 /* Bundle React Native Code And Images */ = {
			isa = PBXShellScriptBuildPhase;
			buildActionMask = 2147483647;
			files = (
			);
			inputPaths = (
			);
			name = "Bundle React Native Code And Images";
			outputPaths = (
			);
			runOnlyForDeploymentPostprocessing = 0;
			shellPath = /bin/sh;
			shellScript = "export NODE_BINARY=node\n../node_modules/react-native/scripts/react-native-xcode.sh";
		};
		700D124FBB4475E3BB124750 /* [CP] Embed Pods Frameworks */ = {
			isa = PBXShellScriptBuildPhase;
			buildActionMask = 2147483647;
			files = (
			);
			inputPaths = (
				"${PODS_ROOT}/Target Support Files/Pods-SakugaMobile/Pods-SakugaMobile-frameworks.sh",
				"${PODS_XCFRAMEWORKS_BUILD_DIR}/OpenSSL/OpenSSL.framework/OpenSSL",
			);
			name = "[CP] Embed Pods Frameworks";
			outputPaths = (
				"${TARGET_BUILD_DIR}/${FRAMEWORKS_FOLDER_PATH}/OpenSSL.framework",
			);
			runOnlyForDeploymentPostprocessing = 0;
			shellPath = /bin/sh;
			shellScript = "\"${PODS_ROOT}/Target Support Files/Pods-SakugaMobile/Pods-SakugaMobile-frameworks.sh\"\n";
			showEnvVarsInLog = 0;
		};
		84084521AA82CEC1BE9EFB6B /* [CP] Embed Pods Frameworks */ = {
			isa = PBXShellScriptBuildPhase;
			buildActionMask = 2147483647;
			files = (
			);
			inputPaths = (
				"${PODS_ROOT}/Target Support Files/Pods-SakugaMobile-SakugaMobileTests/Pods-SakugaMobile-SakugaMobileTests-frameworks.sh",
				"${PODS_XCFRAMEWORKS_BUILD_DIR}/OpenSSL/OpenSSL.framework/OpenSSL",
			);
			name = "[CP] Embed Pods Frameworks";
			outputPaths = (
				"${TARGET_BUILD_DIR}/${FRAMEWORKS_FOLDER_PATH}/OpenSSL.framework",
			);
			runOnlyForDeploymentPostprocessing = 0;
			shellPath = /bin/sh;
			shellScript = "\"${PODS_ROOT}/Target Support Files/Pods-SakugaMobile-SakugaMobileTests/Pods-SakugaMobile-SakugaMobileTests-frameworks.sh\"\n";
			showEnvVarsInLog = 0;
		};
		B25BC1D881C956B034806BF4 /* [CP] Copy Pods Resources */ = {
			isa = PBXShellScriptBuildPhase;
			buildActionMask = 2147483647;
			files = (
			);
			inputPaths = (
				"${PODS_ROOT}/Target Support Files/Pods-SakugaMobile-SakugaMobileTests/Pods-SakugaMobile-SakugaMobileTests-resources.sh",
				"${PODS_CONFIGURATION_BUILD_DIR}/React-Core/AccessibilityResources.bundle",
			);
			name = "[CP] Copy Pods Resources";
			outputPaths = (
				"${TARGET_BUILD_DIR}/${UNLOCALIZED_RESOURCES_FOLDER_PATH}/AccessibilityResources.bundle",
			);
			runOnlyForDeploymentPostprocessing = 0;
			shellPath = /bin/sh;
			shellScript = "\"${PODS_ROOT}/Target Support Files/Pods-SakugaMobile-SakugaMobileTests/Pods-SakugaMobile-SakugaMobileTests-resources.sh\"\n";
			showEnvVarsInLog = 0;
		};
		FD10A7F022414F080027D42C /* Start Packager */ = {
			isa = PBXShellScriptBuildPhase;
			buildActionMask = 2147483647;
			files = (
			);
			inputFileListPaths = (
			);
			inputPaths = (
			);
			name = "Start Packager";
			outputFileListPaths = (
			);
			outputPaths = (
			);
			runOnlyForDeploymentPostprocessing = 0;
			shellPath = /bin/sh;
			shellScript = "export RCT_METRO_PORT=\"${RCT_METRO_PORT:=8081}\"\necho \"export RCT_METRO_PORT=${RCT_METRO_PORT}\" > \"${SRCROOT}/../node_modules/react-native/scripts/.packager.env\"\nif [ -z \"${RCT_NO_LAUNCH_PACKAGER+xxx}\" ] ; then\n  if nc -w 5 -z localhost ${RCT_METRO_PORT} ; then\n    if ! curl -s \"http://localhost:${RCT_METRO_PORT}/status\" | grep -q \"packager-status:running\" ; then\n      echo \"Port ${RCT_METRO_PORT} already in use, packager is either not running or not running correctly\"\n      exit 2\n    fi\n  else\n    open \"$SRCROOT/../node_modules/react-native/scripts/launchPackager.command\" || echo \"Can't start packager automatically\"\n  fi\nfi\n";
			showEnvVarsInLog = 0;
		};
		FD10A7F122414F3F0027D42C /* Start Packager */ = {
			isa = PBXShellScriptBuildPhase;
			buildActionMask = 2147483647;
			files = (
			);
			inputFileListPaths = (
			);
			inputPaths = (
			);
			name = "Start Packager";
			outputFileListPaths = (
			);
			outputPaths = (
			);
			runOnlyForDeploymentPostprocessing = 0;
			shellPath = /bin/sh;
			shellScript = "export RCT_METRO_PORT=\"${RCT_METRO_PORT:=8081}\"\necho \"export RCT_METRO_PORT=${RCT_METRO_PORT}\" > \"${SRCROOT}/../node_modules/react-native/scripts/.packager.env\"\nif [ -z \"${RCT_NO_LAUNCH_PACKAGER+xxx}\" ] ; then\n  if nc -w 5 -z localhost ${RCT_METRO_PORT} ; then\n    if ! curl -s \"http://localhost:${RCT_METRO_PORT}/status\" | grep -q \"packager-status:running\" ; then\n      echo \"Port ${RCT_METRO_PORT} already in use, packager is either not running or not running correctly\"\n      exit 2\n    fi\n  else\n    open \"$SRCROOT/../node_modules/react-native/scripts/launchPackager.command\" || echo \"Can't start packager automatically\"\n  fi\nfi\n";
			showEnvVarsInLog = 0;
		};
/* End PBXShellScriptBuildPhase section */

/* Begin PBXSourcesBuildPhase section */
		00E356EA1AD99517003FC87E /* Sources */ = {
			isa = PBXSourcesBuildPhase;
			buildActionMask = 2147483647;
			files = (
				00E356F31AD99517003FC87E /* SakugaMobileTests.m in Sources */,
			);
			runOnlyForDeploymentPostprocessing = 0;
		};
		13B07F871A680F5B00A75B9A /* Sources */ = {
			isa = PBXSourcesBuildPhase;
			buildActionMask = 2147483647;
			files = (
				8710BCFC2651B7C30083186C /* RNVideoTrimmer.swift in Sources */,
				13B07FBC1A68108700A75B9A /* AppDelegate.m in Sources */,
				8710BCEF2651B7B40083186C /* ICGRulerView.m in Sources */,
				8710BCFB2651B7C30083186C /* RNVideoTrimmerBridge.m in Sources */,
				8710BCFD2651B7C30083186C /* AVUtilities.swift in Sources */,
				8710BCD12651B7530083186C /* RNTrimmerViewManager.swift in Sources */,
				8710BCD02651B7530083186C /* RNTrimmerView.swift in Sources */,
				8710BCFE2651B7C30083186C /* SDAVAssetExportSession.m in Sources */,
				8710BCEE2651B7B40083186C /* ICGVideoTrimmerView.m in Sources */,
				8710BCC32651B7050083186C /* VideoProcessingGPUFilters.swift in Sources */,
				8710BCC52651B7050083186C /* RNVideoProcessingManager.swift in Sources */,
				8710BCDA2651B7910083186C /* RNVideoProcessingBridge.m in Sources */,
				8710BCC42651B7050083186C /* RNVideoPlayer.swift in Sources */,
				8710BCE22651B7AA0083186C /* RNTrimmerViewBridge.m in Sources */,
				13B07FC11A68108700A75B9A /* main.m in Sources */,
				8710BCF02651B7B40083186C /* ICGThumbView.m in Sources */,
			);
			runOnlyForDeploymentPostprocessing = 0;
		};
		2D02E4771E0B4A5D006451C7 /* Sources */ = {
			isa = PBXSourcesBuildPhase;
			buildActionMask = 2147483647;
			files = (
				2D02E4BF1E0B4AB3006451C7 /* main.m in Sources */,
				2D02E4BC1E0B4A80006451C7 /* AppDelegate.m in Sources */,
			);
			runOnlyForDeploymentPostprocessing = 0;
		};
		2D02E48C1E0B4A5D006451C7 /* Sources */ = {
			isa = PBXSourcesBuildPhase;
			buildActionMask = 2147483647;
			files = (
				2DCD954D1E0B4F2C00145EB5 /* SakugaMobileTests.m in Sources */,
			);
			runOnlyForDeploymentPostprocessing = 0;
		};
/* End PBXSourcesBuildPhase section */

/* Begin PBXTargetDependency section */
		00E356F51AD99517003FC87E /* PBXTargetDependency */ = {
			isa = PBXTargetDependency;
			target = 13B07F861A680F5B00A75B9A /* SakugaMobile */;
			targetProxy = 00E356F41AD99517003FC87E /* PBXContainerItemProxy */;
		};
		2D02E4921E0B4A5D006451C7 /* PBXTargetDependency */ = {
			isa = PBXTargetDependency;
			target = 2D02E47A1E0B4A5D006451C7 /* SakugaMobile-tvOS */;
			targetProxy = 2D02E4911E0B4A5D006451C7 /* PBXContainerItemProxy */;
		};
/* End PBXTargetDependency section */

/* Begin PBXVariantGroup section */
		13B07FB11A68108700A75B9A /* LaunchScreen.xib */ = {
			isa = PBXVariantGroup;
			children = (
				13B07FB21A68108700A75B9A /* Base */,
			);
			name = LaunchScreen.xib;
			path = SakugaMobile;
			sourceTree = "<group>";
		};
/* End PBXVariantGroup section */

/* Begin XCBuildConfiguration section */
		00E356F61AD99517003FC87E /* Debug */ = {
			isa = XCBuildConfiguration;
			baseConfigurationReference = 497EBB07D77870A02B3E9B10 /* Pods-SakugaMobile-SakugaMobileTests.debug.xcconfig */;
			buildSettings = {
				ALWAYS_EMBED_SWIFT_STANDARD_LIBRARIES = YES;
				BUNDLE_LOADER = "$(TEST_HOST)";
				GCC_PREPROCESSOR_DEFINITIONS = (
					"DEBUG=1",
					"$(inherited)",
				);
				INFOPLIST_FILE = SakugaMobileTests/Info.plist;
				IPHONEOS_DEPLOYMENT_TARGET = 9.0;
				LD_RUNPATH_SEARCH_PATHS = "$(inherited) @executable_path/Frameworks @loader_path/Frameworks";
				OTHER_LDFLAGS = (
					"-ObjC",
					"-lc++",
					"$(inherited)",
				);
				PRODUCT_BUNDLE_IDENTIFIER = "org.reactjs.native.example.$(PRODUCT_NAME:rfc1034identifier)";
				PRODUCT_NAME = "$(TARGET_NAME)";
				TEST_HOST = "$(BUILT_PRODUCTS_DIR)/SakugaMobile.app/SakugaMobile";
			};
			name = Debug;
		};
		00E356F71AD99517003FC87E /* Release */ = {
			isa = XCBuildConfiguration;
			baseConfigurationReference = FD215D331DFC4335C8D42894 /* Pods-SakugaMobile-SakugaMobileTests.release.xcconfig */;
			buildSettings = {
				ALWAYS_EMBED_SWIFT_STANDARD_LIBRARIES = YES;
				BUNDLE_LOADER = "$(TEST_HOST)";
				COPY_PHASE_STRIP = NO;
				INFOPLIST_FILE = SakugaMobileTests/Info.plist;
				IPHONEOS_DEPLOYMENT_TARGET = 9.0;
				LD_RUNPATH_SEARCH_PATHS = "$(inherited) @executable_path/Frameworks @loader_path/Frameworks";
				OTHER_LDFLAGS = (
					"-ObjC",
					"-lc++",
					"$(inherited)",
				);
				PRODUCT_BUNDLE_IDENTIFIER = "org.reactjs.native.example.$(PRODUCT_NAME:rfc1034identifier)";
				PRODUCT_NAME = "$(TARGET_NAME)";
				TEST_HOST = "$(BUILT_PRODUCTS_DIR)/SakugaMobile.app/SakugaMobile";
			};
			name = Release;
		};
		13B07F941A680F5B00A75B9A /* Debug */ = {
			isa = XCBuildConfiguration;
			baseConfigurationReference = E37EE334FD763447B52F9712 /* Pods-SakugaMobile.debug.xcconfig */;
			buildSettings = {
				ASSETCATALOG_COMPILER_APPICON_NAME = AppIcon;
				CLANG_ENABLE_MODULES = YES;
				CURRENT_PROJECT_VERSION = 1;
				DEVELOPMENT_TEAM = 4FURRD6GXL;
				ENABLE_BITCODE = NO;
				GCC_PREPROCESSOR_DEFINITIONS = (
					"$(inherited)",
					"FB_SONARKIT_ENABLED=1",
				);
				INFOPLIST_FILE = SakugaMobile/Info.plist;
				IPHONEOS_DEPLOYMENT_TARGET = 11.0;
				LD_RUNPATH_SEARCH_PATHS = "$(inherited) @executable_path/Frameworks";
				OTHER_LDFLAGS = (
					"$(inherited)",
					"-ObjC",
					"-lc++",
				);
				PRODUCT_BUNDLE_IDENTIFIER = "org.reactjs.native.example.$(PRODUCT_NAME:rfc1034identifier)";
				PRODUCT_NAME = SakugaMobile;
				SWIFT_OBJC_BRIDGING_HEADER = "RNVideoProcessing/SakugaMobile-Bridging-Header.h";
				SWIFT_OPTIMIZATION_LEVEL = "-Onone";
				SWIFT_VERSION = 5.0;
				VERSIONING_SYSTEM = "apple-generic";
			};
			name = Debug;
		};
		13B07F951A680F5B00A75B9A /* Release */ = {
			isa = XCBuildConfiguration;
			baseConfigurationReference = 12F7270103206366F2585E4D /* Pods-SakugaMobile.release.xcconfig */;
			buildSettings = {
				ASSETCATALOG_COMPILER_APPICON_NAME = AppIcon;
				CLANG_ENABLE_MODULES = YES;
				CURRENT_PROJECT_VERSION = 1;
				DEVELOPMENT_TEAM = 4FURRD6GXL;
				INFOPLIST_FILE = SakugaMobile/Info.plist;
				IPHONEOS_DEPLOYMENT_TARGET = 11.0;
				LD_RUNPATH_SEARCH_PATHS = "$(inherited) @executable_path/Frameworks";
				OTHER_LDFLAGS = (
					"$(inherited)",
					"-ObjC",
					"-lc++",
				);
				PRODUCT_BUNDLE_IDENTIFIER = "org.reactjs.native.example.$(PRODUCT_NAME:rfc1034identifier)";
				PRODUCT_NAME = SakugaMobile;
				SWIFT_OBJC_BRIDGING_HEADER = "RNVideoProcessing/SakugaMobile-Bridging-Header.h";
				SWIFT_VERSION = 5.0;
				VERSIONING_SYSTEM = "apple-generic";
			};
			name = Release;
		};
		2D02E4971E0B4A5E006451C7 /* Debug */ = {
			isa = XCBuildConfiguration;
			buildSettings = {
				ASSETCATALOG_COMPILER_APPICON_NAME = "App Icon & Top Shelf Image";
				ASSETCATALOG_COMPILER_LAUNCHIMAGE_NAME = LaunchImage;
				CLANG_ANALYZER_NONNULL = YES;
				CLANG_WARN_DOCUMENTATION_COMMENTS = YES;
				CLANG_WARN_INFINITE_RECURSION = YES;
				CLANG_WARN_SUSPICIOUS_MOVE = YES;
				DEBUG_INFORMATION_FORMAT = dwarf;
				ENABLE_TESTABILITY = YES;
				GCC_NO_COMMON_BLOCKS = YES;
				INFOPLIST_FILE = "SakugaMobile-tvOS/Info.plist";
				LD_RUNPATH_SEARCH_PATHS = "$(inherited) @executable_path/Frameworks";
				OTHER_LDFLAGS = (
					"$(inherited)",
					"-ObjC",
					"-lc++",
				);
				PRODUCT_BUNDLE_IDENTIFIER = "org.reactjs.native.example.SakugaMobile-tvOS";
				PRODUCT_NAME = "$(TARGET_NAME)";
				SDKROOT = appletvos;
				TARGETED_DEVICE_FAMILY = 3;
				TVOS_DEPLOYMENT_TARGET = 9.2;
			};
			name = Debug;
		};
		2D02E4981E0B4A5E006451C7 /* Release */ = {
			isa = XCBuildConfiguration;
			buildSettings = {
				ASSETCATALOG_COMPILER_APPICON_NAME = "App Icon & Top Shelf Image";
				ASSETCATALOG_COMPILER_LAUNCHIMAGE_NAME = LaunchImage;
				CLANG_ANALYZER_NONNULL = YES;
				CLANG_WARN_DOCUMENTATION_COMMENTS = YES;
				CLANG_WARN_INFINITE_RECURSION = YES;
				CLANG_WARN_SUSPICIOUS_MOVE = YES;
				COPY_PHASE_STRIP = NO;
				DEBUG_INFORMATION_FORMAT = "dwarf-with-dsym";
				GCC_NO_COMMON_BLOCKS = YES;
				INFOPLIST_FILE = "SakugaMobile-tvOS/Info.plist";
				LD_RUNPATH_SEARCH_PATHS = "$(inherited) @executable_path/Frameworks";
				OTHER_LDFLAGS = (
					"$(inherited)",
					"-ObjC",
					"-lc++",
				);
				PRODUCT_BUNDLE_IDENTIFIER = "org.reactjs.native.example.SakugaMobile-tvOS";
				PRODUCT_NAME = "$(TARGET_NAME)";
				SDKROOT = appletvos;
				TARGETED_DEVICE_FAMILY = 3;
				TVOS_DEPLOYMENT_TARGET = 9.2;
			};
			name = Release;
		};
		2D02E4991E0B4A5E006451C7 /* Debug */ = {
			isa = XCBuildConfiguration;
			buildSettings = {
				BUNDLE_LOADER = "$(TEST_HOST)";
				CLANG_ANALYZER_NONNULL = YES;
				CLANG_WARN_DOCUMENTATION_COMMENTS = YES;
				CLANG_WARN_INFINITE_RECURSION = YES;
				CLANG_WARN_SUSPICIOUS_MOVE = YES;
				DEBUG_INFORMATION_FORMAT = dwarf;
				ENABLE_TESTABILITY = YES;
				GCC_NO_COMMON_BLOCKS = YES;
				INFOPLIST_FILE = "SakugaMobile-tvOSTests/Info.plist";
				LD_RUNPATH_SEARCH_PATHS = "$(inherited) @executable_path/Frameworks @loader_path/Frameworks";
				OTHER_LDFLAGS = (
					"$(inherited)",
					"-ObjC",
					"-lc++",
				);
				PRODUCT_BUNDLE_IDENTIFIER = "org.reactjs.native.example.SakugaMobile-tvOSTests";
				PRODUCT_NAME = "$(TARGET_NAME)";
				SDKROOT = appletvos;
				TEST_HOST = "$(BUILT_PRODUCTS_DIR)/SakugaMobile-tvOS.app/SakugaMobile-tvOS";
				TVOS_DEPLOYMENT_TARGET = 10.1;
			};
			name = Debug;
		};
		2D02E49A1E0B4A5E006451C7 /* Release */ = {
			isa = XCBuildConfiguration;
			buildSettings = {
				BUNDLE_LOADER = "$(TEST_HOST)";
				CLANG_ANALYZER_NONNULL = YES;
				CLANG_WARN_DOCUMENTATION_COMMENTS = YES;
				CLANG_WARN_INFINITE_RECURSION = YES;
				CLANG_WARN_SUSPICIOUS_MOVE = YES;
				COPY_PHASE_STRIP = NO;
				DEBUG_INFORMATION_FORMAT = "dwarf-with-dsym";
				GCC_NO_COMMON_BLOCKS = YES;
				INFOPLIST_FILE = "SakugaMobile-tvOSTests/Info.plist";
				LD_RUNPATH_SEARCH_PATHS = "$(inherited) @executable_path/Frameworks @loader_path/Frameworks";
				OTHER_LDFLAGS = (
					"$(inherited)",
					"-ObjC",
					"-lc++",
				);
				PRODUCT_BUNDLE_IDENTIFIER = "org.reactjs.native.example.SakugaMobile-tvOSTests";
				PRODUCT_NAME = "$(TARGET_NAME)";
				SDKROOT = appletvos;
				TEST_HOST = "$(BUILT_PRODUCTS_DIR)/SakugaMobile-tvOS.app/SakugaMobile-tvOS";
				TVOS_DEPLOYMENT_TARGET = 10.1;
			};
			name = Release;
		};
		83CBBA201A601CBA00E9B192 /* Debug */ = {
			isa = XCBuildConfiguration;
			buildSettings = {
				ALWAYS_SEARCH_USER_PATHS = NO;
				CLANG_ANALYZER_LOCALIZABILITY_NONLOCALIZED = YES;
				CLANG_CXX_LANGUAGE_STANDARD = "gnu++0x";
				CLANG_CXX_LIBRARY = "libc++";
				CLANG_ENABLE_MODULES = YES;
				CLANG_ENABLE_OBJC_ARC = YES;
				CLANG_WARN_BLOCK_CAPTURE_AUTORELEASING = YES;
				CLANG_WARN_BOOL_CONVERSION = YES;
				CLANG_WARN_COMMA = YES;
				CLANG_WARN_CONSTANT_CONVERSION = YES;
				CLANG_WARN_DEPRECATED_OBJC_IMPLEMENTATIONS = YES;
				CLANG_WARN_DIRECT_OBJC_ISA_USAGE = YES_ERROR;
				CLANG_WARN_EMPTY_BODY = YES;
				CLANG_WARN_ENUM_CONVERSION = YES;
				CLANG_WARN_INFINITE_RECURSION = YES;
				CLANG_WARN_INT_CONVERSION = YES;
				CLANG_WARN_NON_LITERAL_NULL_CONVERSION = YES;
				CLANG_WARN_OBJC_IMPLICIT_RETAIN_SELF = YES;
				CLANG_WARN_OBJC_LITERAL_CONVERSION = YES;
				CLANG_WARN_OBJC_ROOT_CLASS = YES_ERROR;
				CLANG_WARN_RANGE_LOOP_ANALYSIS = YES;
				CLANG_WARN_STRICT_PROTOTYPES = YES;
				CLANG_WARN_SUSPICIOUS_MOVE = YES;
				CLANG_WARN_UNREACHABLE_CODE = YES;
				CLANG_WARN__DUPLICATE_METHOD_MATCH = YES;
				"CODE_SIGN_IDENTITY[sdk=iphoneos*]" = "iPhone Developer";
				COPY_PHASE_STRIP = NO;
				ENABLE_STRICT_OBJC_MSGSEND = YES;
				ENABLE_TESTABILITY = YES;
				"EXCLUDED_ARCHS[sdk=iphonesimulator*]" = "arm64 ";
				GCC_C_LANGUAGE_STANDARD = gnu99;
				GCC_DYNAMIC_NO_PIC = NO;
				GCC_NO_COMMON_BLOCKS = YES;
				GCC_OPTIMIZATION_LEVEL = 0;
				GCC_PREPROCESSOR_DEFINITIONS = (
					"DEBUG=1",
					"$(inherited)",
				);
				GCC_SYMBOLS_PRIVATE_EXTERN = NO;
				GCC_WARN_64_TO_32_BIT_CONVERSION = YES;
				GCC_WARN_ABOUT_RETURN_TYPE = YES_ERROR;
				GCC_WARN_UNDECLARED_SELECTOR = YES;
				GCC_WARN_UNINITIALIZED_AUTOS = YES_AGGRESSIVE;
				GCC_WARN_UNUSED_FUNCTION = YES;
				GCC_WARN_UNUSED_VARIABLE = YES;
				IPHONEOS_DEPLOYMENT_TARGET = 9.0;
				LD_RUNPATH_SEARCH_PATHS = "/usr/lib/swift $(inherited)";
				LIBRARY_SEARCH_PATHS = (
					"\"$(TOOLCHAIN_DIR)/usr/lib/swift/$(PLATFORM_NAME)\"",
					"\"$(TOOLCHAIN_DIR)/usr/lib/swift-5.0/$(PLATFORM_NAME)\"",
					"\"$(inherited)\"",
				);
				MTL_ENABLE_DEBUG_INFO = YES;
				ONLY_ACTIVE_ARCH = YES;
				SDKROOT = iphoneos;
			};
			name = Debug;
		};
		83CBBA211A601CBA00E9B192 /* Release */ = {
			isa = XCBuildConfiguration;
			buildSettings = {
				ALWAYS_SEARCH_USER_PATHS = NO;
				CLANG_ANALYZER_LOCALIZABILITY_NONLOCALIZED = YES;
				CLANG_CXX_LANGUAGE_STANDARD = "gnu++0x";
				CLANG_CXX_LIBRARY = "libc++";
				CLANG_ENABLE_MODULES = YES;
				CLANG_ENABLE_OBJC_ARC = YES;
				CLANG_WARN_BLOCK_CAPTURE_AUTORELEASING = YES;
				CLANG_WARN_BOOL_CONVERSION = YES;
				CLANG_WARN_COMMA = YES;
				CLANG_WARN_CONSTANT_CONVERSION = YES;
				CLANG_WARN_DEPRECATED_OBJC_IMPLEMENTATIONS = YES;
				CLANG_WARN_DIRECT_OBJC_ISA_USAGE = YES_ERROR;
				CLANG_WARN_EMPTY_BODY = YES;
				CLANG_WARN_ENUM_CONVERSION = YES;
				CLANG_WARN_INFINITE_RECURSION = YES;
				CLANG_WARN_INT_CONVERSION = YES;
				CLANG_WARN_NON_LITERAL_NULL_CONVERSION = YES;
				CLANG_WARN_OBJC_IMPLICIT_RETAIN_SELF = YES;
				CLANG_WARN_OBJC_LITERAL_CONVERSION = YES;
				CLANG_WARN_OBJC_ROOT_CLASS = YES_ERROR;
				CLANG_WARN_RANGE_LOOP_ANALYSIS = YES;
				CLANG_WARN_STRICT_PROTOTYPES = YES;
				CLANG_WARN_SUSPICIOUS_MOVE = YES;
				CLANG_WARN_UNREACHABLE_CODE = YES;
				CLANG_WARN__DUPLICATE_METHOD_MATCH = YES;
				"CODE_SIGN_IDENTITY[sdk=iphoneos*]" = "iPhone Developer";
				COPY_PHASE_STRIP = YES;
				ENABLE_NS_ASSERTIONS = NO;
				ENABLE_STRICT_OBJC_MSGSEND = YES;
				"EXCLUDED_ARCHS[sdk=iphonesimulator*]" = "arm64 ";
				GCC_C_LANGUAGE_STANDARD = gnu99;
				GCC_NO_COMMON_BLOCKS = YES;
				GCC_WARN_64_TO_32_BIT_CONVERSION = YES;
				GCC_WARN_ABOUT_RETURN_TYPE = YES_ERROR;
				GCC_WARN_UNDECLARED_SELECTOR = YES;
				GCC_WARN_UNINITIALIZED_AUTOS = YES_AGGRESSIVE;
				GCC_WARN_UNUSED_FUNCTION = YES;
				GCC_WARN_UNUSED_VARIABLE = YES;
				IPHONEOS_DEPLOYMENT_TARGET = 9.0;
				LD_RUNPATH_SEARCH_PATHS = "/usr/lib/swift $(inherited)";
				LIBRARY_SEARCH_PATHS = (
					"\"$(TOOLCHAIN_DIR)/usr/lib/swift/$(PLATFORM_NAME)\"",
					"\"$(TOOLCHAIN_DIR)/usr/lib/swift-5.0/$(PLATFORM_NAME)\"",
					"\"$(inherited)\"",
				);
				MTL_ENABLE_DEBUG_INFO = NO;
				SDKROOT = iphoneos;
				VALIDATE_PRODUCT = YES;
			};
			name = Release;
		};
/* End XCBuildConfiguration section */

/* Begin XCConfigurationList section */
		00E357021AD99517003FC87E /* Build configuration list for PBXNativeTarget "SakugaMobileTests" */ = {
			isa = XCConfigurationList;
			buildConfigurations = (
				00E356F61AD99517003FC87E /* Debug */,
				00E356F71AD99517003FC87E /* Release */,
			);
			defaultConfigurationIsVisible = 0;
			defaultConfigurationName = Release;
		};
		13B07F931A680F5B00A75B9A /* Build configuration list for PBXNativeTarget "SakugaMobile" */ = {
			isa = XCConfigurationList;
			buildConfigurations = (
				13B07F941A680F5B00A75B9A /* Debug */,
				13B07F951A680F5B00A75B9A /* Release */,
			);
			defaultConfigurationIsVisible = 0;
			defaultConfigurationName = Release;
		};
		2D02E4BA1E0B4A5E006451C7 /* Build configuration list for PBXNativeTarget "SakugaMobile-tvOS" */ = {
			isa = XCConfigurationList;
			buildConfigurations = (
				2D02E4971E0B4A5E006451C7 /* Debug */,
				2D02E4981E0B4A5E006451C7 /* Release */,
			);
			defaultConfigurationIsVisible = 0;
			defaultConfigurationName = Release;
		};
		2D02E4BB1E0B4A5E006451C7 /* Build configuration list for PBXNativeTarget "SakugaMobile-tvOSTests" */ = {
			isa = XCConfigurationList;
			buildConfigurations = (
				2D02E4991E0B4A5E006451C7 /* Debug */,
				2D02E49A1E0B4A5E006451C7 /* Release */,
			);
			defaultConfigurationIsVisible = 0;
			defaultConfigurationName = Release;
		};
		83CBB9FA1A601CBA00E9B192 /* Build configuration list for PBXProject "SakugaMobile" */ = {
			isa = XCConfigurationList;
			buildConfigurations = (
				83CBBA201A601CBA00E9B192 /* Debug */,
				83CBBA211A601CBA00E9B192 /* Release */,
			);
			defaultConfigurationIsVisible = 0;
			defaultConfigurationName = Release;
		};
/* End XCConfigurationList section */
	};
	rootObject = 83CBB9F71A601CBA00E9B192 /* Project object */;
}
